
Microsoft Visual Studio Solution File, Format Version 12.00
# Visual Studio Version 17
VisualStudioVersion = 17.0.31912.275
MinimumVisualStudioVersion = 10.0.40219.1
Project("{FAE04EC0-301F-11D3-BF4B-00C04F79EFBC}") = "QuCoonTest", "QuCoonTest\QuCoonTest.csproj", "{B9D89FE3-27BC-4AB4-A922-61FAFAAD0468}"
EndProject
Global
	GlobalSection(SolutionConfigurationPlatforms) = preSolution
		Debug|Any CPU = Debug|Any CPU
		Release|Any CPU = Release|Any CPU
	EndGlobalSection
	GlobalSection(ProjectConfigurationPlatforms) = postSolution
		{B9D89FE3-27BC-4AB4-A922-61FAFAAD0468}.Debug|Any CPU.ActiveCfg = Debug|Any CPU
		{B9D89FE3-27BC-4AB4-A922-61FAFAAD0468}.Debug|Any CPU.Build.0 = Debug|Any CPU
		{B9D89FE3-27BC-4AB4-A922-61FAFAAD0468}.Release|Any CPU.ActiveCfg = Release|Any CPU
		{B9D89FE3-27BC-4AB4-A922-61FAFAAD0468}.Release|Any CPU.Build.0 = Release|Any CPU
	EndGlobalSection
	GlobalSection(SolutionProperties) = preSolution
		HideSolutionNode = FALSE
	EndGlobalSection
	GlobalSection(ExtensibilityGlobals) = postSolution
		SolutionGuid = {490593FB-3B5D-4355-8F20-702895BEE954}
	EndGlobalSection
EndGlobal
